PODS:
  - Alamofire (5.2.1)
  - Moya/Core (14.0.0):
    - Alamofire (~> 5.0)
  - Moya/RxSwift (14.0.0):
    - Moya/Core
    - RxSwift (~> 5.0)
  - ObjectMapper (4.2.0)
  - RxCocoa (5.1.1):
    - RxRelay (~> 5)
    - RxSwift (~> 5)
  - RxRelay (5.1.1):
    - RxSwift (~> 5)
  - RxSwift (5.1.1)
  - SnapKit (5.0.1)
  - SwiftyJSON (4.3.0)
  - URLNavigator (2.3.0)

DEPENDENCIES:
  - Alamofire
  - Moya/RxSwift
  - ObjectMapper
  - RxCocoa
  - RxSwift
  - SnapKit (~> 5.0.0)
  - SwiftyJSON (~> 4.0)
  - URLNavigator

SPEC REPOS:
  https://github.com/CocoaPods/Specs.git:
    - Alamofire
    - Moya
    - ObjectMapper
    - RxCocoa
    - RxRelay
    - RxSwift
    - SnapKit
    - SwiftyJSON
    - URLNavigator

SPEC CHECKSUMS:
  Alamofire: e911732990610fe89af59ac0077f923d72dc3dfd
  Moya: 5b45dacb75adb009f97fde91c204c1e565d31916
  ObjectMapper: 1eb41f610210777375fa806bf161dc39fb832b81
  RxCocoa: 32065309a38d29b5b0db858819b5bf9ef038b601
  RxRelay: d77f7d771495f43c556cbc43eebd1bb54d01e8e9
  RxSwift: 81470a2074fa8780320ea5fe4102807cb7118178
  SnapKit: 97b92857e3df3a0c71833cce143274bf6ef8e5eb
  SwiftyJSON: 6faa0040f8b59dead0ee07436cbf76b73c08fd08
  URLNavigator: 2593c0e2d293732ec5c44503cf54dceba1a68085

PODFILE CHECKSUM: c1001bdad62d214b4b487f4ff43b493d6f30a826

COCOAPODS: 1.9.1
